
Microsoft Visual Studio Solution File, Format Version 12.00
# Visual Studio Version 17
VisualStudioVersion = 17.6.33829.357
MinimumVisualStudioVersion = 10.0.40219.1
Project("{2150E333-8FDC-42A3-9474-1A3956D46DE8}") = "FrontEnd", "FrontEnd", "{82107E17-B2FA-4CED-8EE2-D09325E2A480}"
EndProject
Project("{2150E333-8FDC-42A3-9474-1A3956D46DE8}") = "Gateway", "Gateway", "{133FB12C-4A07-480D-A946-A26AB2DB3469}"
EndProject
Project("{2150E333-8FDC-42A3-9474-1A3956D46DE8}") = "Integration", "Integration", "{AEDCEBB1-123E-42BC-B286-B2B8198EA3AE}"
EndProject
Project("{2150E333-8FDC-42A3-9474-1A3956D46DE8}") = "Services", "Services", "{7FD0FF17-374A-4B29-BB4A-0A0D1DB38B09}"
EndProject
Project("{9A19103F-16F7-4668-BE54-9A1E7A4F7556}") = "Mango.Services.CouponAPI", "Mango.Services.CouponAPI\Mango.Services.CouponAPI.csproj", "{35B93D20-0059-4BF7-BB15-7E1AF2FB8BE5}"
EndProject
Project("{9A19103F-16F7-4668-BE54-9A1E7A4F7556}") = "Mango.Web", "Mango.Web\Mango.Web.csproj", "{DB2E6397-7CF8-4C9F-B583-C7FE33CD4BCA}"
EndProject
Project("{9A19103F-16F7-4668-BE54-9A1E7A4F7556}") = "Mango.Services.AuthAPI", "Mango.Services.AuthAPI\Mango.Services.AuthAPI.csproj", "{CBF5F13A-5590-4B34-AB42-2F7958042331}"
EndProject
Project("{9A19103F-16F7-4668-BE54-9A1E7A4F7556}") = "Mango.Services.ProductAPI", "Mango.Services.ProductAPI\Mango.Services.ProductAPI.csproj", "{8CC855F1-A6F8-4741-BBBC-1F57CCE1DEC9}"
EndProject
Project("{FAE04EC0-301F-11D3-BF4B-00C04F79EFBC}") = "Mango.Services.ShoppingCartAPI", "Mango.Services.ShoppingCartAPI\Mango.Services.ShoppingCartAPI.csproj", "{8F98DC9D-1497-4D2D-9A93-AF4FC47DEDF0}"
EndProject
Global
	GlobalSection(SolutionConfigurationPlatforms) = preSolution
		Debug|Any CPU = Debug|Any CPU
		Release|Any CPU = Release|Any CPU
	EndGlobalSection
	GlobalSection(ProjectConfigurationPlatforms) = postSolution
		{35B93D20-0059-4BF7-BB15-7E1AF2FB8BE5}.Debug|Any CPU.ActiveCfg = Debug|Any CPU
		{35B93D20-0059-4BF7-BB15-7E1AF2FB8BE5}.Debug|Any CPU.Build.0 = Debug|Any CPU
		{35B93D20-0059-4BF7-BB15-7E1AF2FB8BE5}.Release|Any CPU.ActiveCfg = Release|Any CPU
		{35B93D20-0059-4BF7-BB15-7E1AF2FB8BE5}.Release|Any CPU.Build.0 = Release|Any CPU
		{DB2E6397-7CF8-4C9F-B583-C7FE33CD4BCA}.Debug|Any CPU.ActiveCfg = Debug|Any CPU
		{DB2E6397-7CF8-4C9F-B583-C7FE33CD4BCA}.Debug|Any CPU.Build.0 = Debug|Any CPU
		{DB2E6397-7CF8-4C9F-B583-C7FE33CD4BCA}.Release|Any CPU.ActiveCfg = Release|Any CPU
		{DB2E6397-7CF8-4C9F-B583-C7FE33CD4BCA}.Release|Any CPU.Build.0 = Release|Any CPU
		{CBF5F13A-5590-4B34-AB42-2F7958042331}.Debug|Any CPU.ActiveCfg = Debug|Any CPU
		{CBF5F13A-5590-4B34-AB42-2F7958042331}.Debug|Any CPU.Build.0 = Debug|Any CPU
		{CBF5F13A-5590-4B34-AB42-2F7958042331}.Release|Any CPU.ActiveCfg = Release|Any CPU
		{CBF5F13A-5590-4B34-AB42-2F7958042331}.Release|Any CPU.Build.0 = Release|Any CPU
		{8CC855F1-A6F8-4741-BBBC-1F57CCE1DEC9}.Debug|Any CPU.ActiveCfg = Debug|Any CPU
		{8CC855F1-A6F8-4741-BBBC-1F57CCE1DEC9}.Debug|Any CPU.Build.0 = Debug|Any CPU
		{8CC855F1-A6F8-4741-BBBC-1F57CCE1DEC9}.Release|Any CPU.ActiveCfg = Release|Any CPU
		{8CC855F1-A6F8-4741-BBBC-1F57CCE1DEC9}.Release|Any CPU.Build.0 = Release|Any CPU
		{8F98DC9D-1497-4D2D-9A93-AF4FC47DEDF0}.Debug|Any CPU.ActiveCfg = Debug|Any CPU
		{8F98DC9D-1497-4D2D-9A93-AF4FC47DEDF0}.Debug|Any CPU.Build.0 = Debug|Any CPU
		{8F98DC9D-1497-4D2D-9A93-AF4FC47DEDF0}.Release|Any CPU.ActiveCfg = Release|Any CPU
		{8F98DC9D-1497-4D2D-9A93-AF4FC47DEDF0}.Release|Any CPU.Build.0 = Release|Any CPU
	EndGlobalSection
	GlobalSection(SolutionProperties) = preSolution
		HideSolutionNode = FALSE
	EndGlobalSection
	GlobalSection(NestedProjects) = preSolution
		{35B93D20-0059-4BF7-BB15-7E1AF2FB8BE5} = {7FD0FF17-374A-4B29-BB4A-0A0D1DB38B09}
		{DB2E6397-7CF8-4C9F-B583-C7FE33CD4BCA} = {82107E17-B2FA-4CED-8EE2-D09325E2A480}
		{CBF5F13A-5590-4B34-AB42-2F7958042331} = {7FD0FF17-374A-4B29-BB4A-0A0D1DB38B09}
		{8CC855F1-A6F8-4741-BBBC-1F57CCE1DEC9} = {7FD0FF17-374A-4B29-BB4A-0A0D1DB38B09}
		{8F98DC9D-1497-4D2D-9A93-AF4FC47DEDF0} = {7FD0FF17-374A-4B29-BB4A-0A0D1DB38B09}
	EndGlobalSection
	GlobalSection(ExtensibilityGlobals) = postSolution
		SolutionGuid = {33531653-7B7E-4D26-86BD-5F2BA436CC22}
	EndGlobalSection
EndGlobal
